
Microsoft Visual Studio Solution File, Format Version 12.00
# Visual Studio Version 16
VisualStudioVersion = 16.0.29009.5
MinimumVisualStudioVersion = 10.0.40219.1
Project("{FAE04EC0-301F-11D3-BF4B-00C04F79EFBC}") = "FivestarAuto", "FivestarAuto\FivestarAuto.csproj", "{2BAD51BE-6C91-43C5-A61C-19652E3C9CBE}"
EndProject
Global
	GlobalSection(SolutionConfigurationPlatforms) = preSolution
		Debug|Any CPU = Debug|Any CPU
		Release|Any CPU = Release|Any CPU
	EndGlobalSection
	GlobalSection(ProjectConfigurationPlatforms) = postSolution
		{2BAD51BE-6C91-43C5-A61C-19652E3C9CBE}.Debug|Any CPU.ActiveCfg = Debug|Any CPU
		{2BAD51BE-6C91-43C5-A61C-19652E3C9CBE}.Debug|Any CPU.Build.0 = Debug|Any CPU
		{2BAD51BE-6C91-43C5-A61C-19652E3C9CBE}.Release|Any CPU.ActiveCfg = Release|Any CPU
		{2BAD51BE-6C91-43C5-A61C-19652E3C9CBE}.Release|Any CPU.Build.0 = Release|Any CPU
	EndGlobalSection
	GlobalSection(SolutionProperties) = preSolution
		HideSolutionNode = FALSE
	EndGlobalSection
	GlobalSection(ExtensibilityGlobals) = postSolution
		SolutionGuid = {5A7A98C2-633E-4F3D-A695-EA74BD18D4C3}
	EndGlobalSection
EndGlobal
